
Microsoft Visual Studio Solution File, Format Version 11.00
# Visual Studio 2010
Project("{FAE04EC0-301F-11D3-BF4B-00C04F79EFBC}") = "Crabwise.PdfServe", "Crabwise.PdfServe\Crabwise.PdfServe.csproj", "{5B9DDD65-865F-47EF-BD51-4DA5C484A26D}"
EndProject
Project("{FAE04EC0-301F-11D3-BF4B-00C04F79EFBC}") = "Crabwise.PdfServe.Web.Services", "Crabwise.PdfServe.Web.Services\Crabwise.PdfServe.Web.Services.csproj", "{32D1F6C2-FA7F-493B-9591-03BE5201992F}"
EndProject
Global
	GlobalSection(SolutionConfigurationPlatforms) = preSolution
		Debug|Any CPU = Debug|Any CPU
		Release|Any CPU = Release|Any CPU
	EndGlobalSection
	GlobalSection(ProjectConfigurationPlatforms) = postSolution
		{5B9DDD65-865F-47EF-BD51-4DA5C484A26D}.Debug|Any CPU.ActiveCfg = Debug|Any CPU
		{5B9DDD65-865F-47EF-BD51-4DA5C484A26D}.Debug|Any CPU.Build.0 = Debug|Any CPU
		{5B9DDD65-865F-47EF-BD51-4DA5C484A26D}.Release|Any CPU.ActiveCfg = Release|Any CPU
		{5B9DDD65-865F-47EF-BD51-4DA5C484A26D}.Release|Any CPU.Build.0 = Release|Any CPU
		{32D1F6C2-FA7F-493B-9591-03BE5201992F}.Debug|Any CPU.ActiveCfg = Debug|Any CPU
		{32D1F6C2-FA7F-493B-9591-03BE5201992F}.Debug|Any CPU.Build.0 = Debug|Any CPU
		{32D1F6C2-FA7F-493B-9591-03BE5201992F}.Release|Any CPU.ActiveCfg = Release|Any CPU
		{32D1F6C2-FA7F-493B-9591-03BE5201992F}.Release|Any CPU.Build.0 = Release|Any CPU
	EndGlobalSection
	GlobalSection(SolutionProperties) = preSolution
		HideSolutionNode = FALSE
	EndGlobalSection
EndGlobal
